github.com/caarlos0/env/v11 v11.4.0 h1:Kcb6t5kIIr4XkoQC9AF2j+8E1Jsrl3Wz/hhm1LtoGAc=
github.com/caarlos0/env/v11 v11.4.0/go.mod h1:qupehSf/Y0TUTsxKywqRt/vJjN5nz6vauiYEUUr8P4U=
golang.org/x/time v0.9.0 h1:EsRrnYcQiGH+5FfbgvV4AP7qEZstoyrHB0DzarOQ4ZY=
golang.org/x/time v0.9.0/go.mod h1:3BpzKBy/shNhVucY/MWOyx10tF3SFh9QdLuxbVysPQM=
